// !$*UTF8*$!
{
	archiveVersion = 1;
	classes = {
	};
	objectVersion = 56;
	objects = {

/* Begin PBXBuildFile section */
		EB7085942B253129006F5442 /* ToDoListApp.swift in Sources */ = {isa = PBXBuildFile; fileRef = EB7085932B253129006F5442 /* ToDoListApp.swift */; };
		EB7085962B253129006F5442 /* MainView.swift in Sources */ = {isa = PBXBuildFile; fileRef = EB7085952B253129006F5442 /* MainView.swift */; };
		EB7085982B25312B006F5442 /* Assets.xcassets in Resources */ = {isa = PBXBuildFile; fileRef = EB7085972B25312B006F5442 /* Assets.xcassets */; };
		EB70859B2B25312B006F5442 /* Preview Assets.xcassets in Resources */ = {isa = PBXBuildFile; fileRef = EB70859A2B25312B006F5442 /* Preview Assets.xcassets */; };
		EB7085A32B253218006F5442 /* FirebaseAuth in Frameworks */ = {isa = PBXBuildFile; productRef = EB7085A22B253218006F5442 /* FirebaseAuth */; };
		EB7085A52B253218006F5442 /* FirebaseFirestore in Frameworks */ = {isa = PBXBuildFile; productRef = EB7085A42B253218006F5442 /* FirebaseFirestore */; };
		EB7085A72B253218006F5442 /* FirebaseFirestoreSwift in Frameworks */ = {isa = PBXBuildFile; productRef = EB7085A62B253218006F5442 /* FirebaseFirestoreSwift */; };
		EB7085A92B253588006F5442 /* GoogleService-Info.plist in Resources */ = {isa = PBXBuildFile; fileRef = EB7085A82B253588006F5442 /* GoogleService-Info.plist */; };
		EB918CB92B26548B00D9B7FB /* ToDoListView.swift in Sources */ = {isa = PBXBuildFile; fileRef = EB918CB82B26548B00D9B7FB /* ToDoListView.swift */; };
		EB918CBB2B26549B00D9B7FB /* NewItemView.swift in Sources */ = {isa = PBXBuildFile; fileRef = EB918CBA2B26549B00D9B7FB /* NewItemView.swift */; };
		EB918CBD2B2654AC00D9B7FB /* LoginView.swift in Sources */ = {isa = PBXBuildFile; fileRef = EB918CBC2B2654AC00D9B7FB /* LoginView.swift */; };
		EB918CBF2B2654B500D9B7FB /* RegisterView.swift in Sources */ = {isa = PBXBuildFile; fileRef = EB918CBE2B2654B500D9B7FB /* RegisterView.swift */; };
		EB918CC12B26550D00D9B7FB /* ToDoListItemView.swift in Sources */ = {isa = PBXBuildFile; fileRef = EB918CC02B26550D00D9B7FB /* ToDoListItemView.swift */; };
		EB918CC32B26558700D9B7FB /* User.swift in Sources */ = {isa = PBXBuildFile; fileRef = EB918CC22B26558700D9B7FB /* User.swift */; };
		EB918CC52B26559400D9B7FB /* ToDoListItem.swift in Sources */ = {isa = PBXBuildFile; fileRef = EB918CC42B26559400D9B7FB /* ToDoListItem.swift */; };
		EB918CC72B2655C400D9B7FB /* MainViewViewModel.swift in Sources */ = {isa = PBXBuildFile; fileRef = EB918CC62B2655C400D9B7FB /* MainViewViewModel.swift */; };
		EB918CC92B2655D200D9B7FB /* ProfileViewViewModel.swift in Sources */ = {isa = PBXBuildFile; fileRef = EB918CC82B2655D200D9B7FB /* ProfileViewViewModel.swift */; };
		EB918CCB2B2655DF00D9B7FB /* ToDoListViewViewModel.swift in Sources */ = {isa = PBXBuildFile; fileRef = EB918CCA2B2655DF00D9B7FB /* ToDoListViewViewModel.swift */; };
		EB918CCD2B2655E900D9B7FB /* NewItemViewViewModel.swift in Sources */ = {isa = PBXBuildFile; fileRef = EB918CCC2B2655E900D9B7FB /* NewItemViewViewModel.swift */; };
		EB918CCF2B2655FE00D9B7FB /* LoginViewViewModel.swift in Sources */ = {isa = PBXBuildFile; fileRef = EB918CCE2B2655FE00D9B7FB /* LoginViewViewModel.swift */; };
		EB918CD12B26560B00D9B7FB /* RegisterViewViewModel.swift in Sources */ = {isa = PBXBuildFile; fileRef = EB918CD02B26560B00D9B7FB /* RegisterViewViewModel.swift */; };
		EB918CD32B26561C00D9B7FB /* ToDoListItemViewViewModel.swift in Sources */ = {isa = PBXBuildFile; fileRef = EB918CD22B26561C00D9B7FB /* ToDoListItemViewViewModel.swift */; };
		EBE8FB952B26531700E84DF7 /* ProfileView.swift in Sources */ = {isa = PBXBuildFile; fileRef = EBE8FB942B26531700E84DF7 /* ProfileView.swift */; };
/* End PBXBuildFile section */

/* Begin PBXFileReference section */
		EB7085902B253129006F5442 /* ToDoList.app */ = {isa = PBXFileReference; explicitFileType = wrapper.application; includeInIndex = 0; path = ToDoList.app; sourceTree = BUILT_PRODUCTS_DIR; };
		EB7085932B253129006F5442 /* ToDoListApp.swift */ = {isa = PBXFileReference; lastKnownFileType = sourcecode.swift; path = ToDoListApp.swift; sourceTree = "<group>"; };
		EB7085952B253129006F5442 /* MainView.swift */ = {isa = PBXFileReference; lastKnownFileType = sourcecode.swift; path = MainView.swift; sourceTree = "<group>"; };
		EB7085972B25312B006F5442 /* Assets.xcassets */ = {isa = PBXFileReference; lastKnownFileType = folder.assetcatalog; path = Assets.xcassets; sourceTree = "<group>"; };
		EB70859A2B25312B006F5442 /* Preview Assets.xcassets */ = {isa = PBXFileReference; lastKnownFileType = folder.assetcatalog; path = "Preview Assets.xcassets"; sourceTree = "<group>"; };
		EB7085A82B253588006F5442 /* GoogleService-Info.plist */ = {isa = PBXFileReference; fileEncoding = 4; lastKnownFileType = text.plist.xml; path = "GoogleService-Info.plist"; sourceTree = "<group>"; };
		EB918CB82B26548B00D9B7FB /* ToDoListView.swift */ = {isa = PBXFileReference; lastKnownFileType = sourcecode.swift; path = ToDoListView.swift; sourceTree = "<group>"; };
		EB918CBA2B26549B00D9B7FB /* NewItemView.swift */ = {isa = PBXFileReference; lastKnownFileType = sourcecode.swift; path = NewItemView.swift; sourceTree = "<group>"; };
		EB918CBC2B2654AC00D9B7FB /* LoginView.swift */ = {isa = PBXFileReference; lastKnownFileType = sourcecode.swift; path = LoginView.swift; sourceTree = "<group>"; };
		EB918CBE2B2654B500D9B7FB /* RegisterView.swift */ = {isa = PBXFileReference; lastKnownFileType = sourcecode.swift; path = RegisterView.swift; sourceTree = "<group>"; };
		EB918CC02B26550D00D9B7FB /* ToDoListItemView.swift */ = {isa = PBXFileReference; lastKnownFileType = sourcecode.swift; path = ToDoListItemView.swift; sourceTree = "<group>"; };
		EB918CC22B26558700D9B7FB /* User.swift */ = {isa = PBXFileReference; lastKnownFileType = sourcecode.swift; path = User.swift; sourceTree = "<group>"; };
		EB918CC42B26559400D9B7FB /* ToDoListItem.swift */ = {isa = PBXFileReference; lastKnownFileType = sourcecode.swift; path = ToDoListItem.swift; sourceTree = "<group>"; };
		EB918CC62B2655C400D9B7FB /* MainViewViewModel.swift */ = {isa = PBXFileReference; lastKnownFileType = sourcecode.swift; path = MainViewViewModel.swift; sourceTree = "<group>"; };
		EB918CC82B2655D200D9B7FB /* ProfileViewViewModel.swift */ = {isa = PBXFileReference; lastKnownFileType = sourcecode.swift; path = ProfileViewViewModel.swift; sourceTree = "<group>"; };
		EB918CCA2B2655DF00D9B7FB /* ToDoListViewViewModel.swift */ = {isa = PBXFileReference; lastKnownFileType = sourcecode.swift; path = ToDoListViewViewModel.swift; sourceTree = "<group>"; };
		EB918CCC2B2655E900D9B7FB /* NewItemViewViewModel.swift */ = {isa = PBXFileReference; lastKnownFileType = sourcecode.swift; path = NewItemViewViewModel.swift; sourceTree = "<group>"; };
		EB918CCE2B2655FE00D9B7FB /* LoginViewViewModel.swift */ = {isa = PBXFileReference; lastKnownFileType = sourcecode.swift; path = LoginViewViewModel.swift; sourceTree = "<group>"; };
		EB918CD02B26560B00D9B7FB /* RegisterViewViewModel.swift */ = {isa = PBXFileReference; lastKnownFileType = sourcecode.swift; path = RegisterViewViewModel.swift; sourceTree = "<group>"; };
		EB918CD22B26561C00D9B7FB /* ToDoListItemViewViewModel.swift */ = {isa = PBXFileReference; lastKnownFileType = sourcecode.swift; path = ToDoListItemViewViewModel.swift; sourceTree = "<group>"; };
		EBE8FB942B26531700E84DF7 /* ProfileView.swift */ = {isa = PBXFileReference; lastKnownFileType = sourcecode.swift; path = ProfileView.swift; sourceTree = "<group>"; };
/* End PBXFileReference section */

/* Begin PBXFrameworksBuildPhase section */
		EB70858D2B253129006F5442 /* Frameworks */ = {
			isa = PBXFrameworksBuildPhase;
			buildActionMask = 2147483647;
			files = (
				EB7085A32B253218006F5442 /* FirebaseAuth in Frameworks */,
				EB7085A52B253218006F5442 /* FirebaseFirestore in Frameworks */,
				EB7085A72B253218006F5442 /* FirebaseFirestoreSwift in Frameworks */,
			);
			runOnlyForDeploymentPostprocessing = 0;
		};
/* End PBXFrameworksBuildPhase section */

/* Begin PBXGroup section */
		EB7085872B253129006F5442 = {
			isa = PBXGroup;
			children = (
				EB7085A82B253588006F5442 /* GoogleService-Info.plist */,
				EB7085922B253129006F5442 /* ToDoList */,
				EB7085912B253129006F5442 /* Products */,
			);
			sourceTree = "<group>";
		};
		EB7085912B253129006F5442 /* Products */ = {
			isa = PBXGroup;
			children = (
				EB7085902B253129006F5442 /* ToDoList.app */,
			);
			name = Products;
			sourceTree = "<group>";
		};
		EB7085922B253129006F5442 /* ToDoList */ = {
			isa = PBXGroup;
			children = (
				EB7085AE2B253710006F5442 /* Other */,
				EB7085AD2B2536F7006F5442 /* Model */,
				EB7085AC2B2536D4006F5442 /* ViewModels */,
				EB7085AA2B2536B0006F5442 /* Views */,
				EB7085992B25312B006F5442 /* Preview Content */,
			);
			path = ToDoList;
			sourceTree = "<group>";
		};
		EB7085992B25312B006F5442 /* Preview Content */ = {
			isa = PBXGroup;
			children = (
				EB70859A2B25312B006F5442 /* Preview Assets.xcassets */,
			);
			path = "Preview Content";
			sourceTree = "<group>";
		};
		EB7085AA2B2536B0006F5442 /* Views */ = {
			isa = PBXGroup;
			children = (
				EB7085952B253129006F5442 /* MainView.swift */,
				EBE8FB942B26531700E84DF7 /* ProfileView.swift */,
				EB918CB82B26548B00D9B7FB /* ToDoListView.swift */,
				EB918CBA2B26549B00D9B7FB /* NewItemView.swift */,
				EB918CBC2B2654AC00D9B7FB /* LoginView.swift */,
				EB918CBE2B2654B500D9B7FB /* RegisterView.swift */,
				EB918CC02B26550D00D9B7FB /* ToDoListItemView.swift */,
			);
			path = Views;
			sourceTree = "<group>";
		};
		EB7085AC2B2536D4006F5442 /* ViewModels */ = {
			isa = PBXGroup;
			children = (
				EB918CC62B2655C400D9B7FB /* MainViewViewModel.swift */,
				EB918CC82B2655D200D9B7FB /* ProfileViewViewModel.swift */,
				EB918CCA2B2655DF00D9B7FB /* ToDoListViewViewModel.swift */,
				EB918CCC2B2655E900D9B7FB /* NewItemViewViewModel.swift */,
				EB918CCE2B2655FE00D9B7FB /* LoginViewViewModel.swift */,
				EB918CD02B26560B00D9B7FB /* RegisterViewViewModel.swift */,
				EB918CD22B26561C00D9B7FB /* ToDoListItemViewViewModel.swift */,
			);
			path = ViewModels;
			sourceTree = "<group>";
		};
		EB7085AD2B2536F7006F5442 /* Model */ = {
			isa = PBXGroup;
			children = (
				EB918CC22B26558700D9B7FB /* User.swift */,
				EB918CC42B26559400D9B7FB /* ToDoListItem.swift */,
			);
			path = Model;
			sourceTree = "<group>";
		};
		EB7085AE2B253710006F5442 /* Other */ = {
			isa = PBXGroup;
			children = (
				EB7085932B253129006F5442 /* ToDoListApp.swift */,
				EB7085972B25312B006F5442 /* Assets.xcassets */,
			);
			path = Other;
			sourceTree = "<group>";
		};
/* End PBXGroup section */

/* Begin PBXNativeTarget section */
		EB70858F2B253129006F5442 /* ToDoList */ = {
			isa = PBXNativeTarget;
			buildConfigurationList = EB70859E2B25312B006F5442 /* Build configuration list for PBXNativeTarget "ToDoList" */;
			buildPhases = (
				EB70858C2B253129006F5442 /* Sources */,
				EB70858D2B253129006F5442 /* Frameworks */,
				EB70858E2B253129006F5442 /* Resources */,
			);
			buildRules = (
			);
			dependencies = (
			);
			name = ToDoList;
			packageProductDependencies = (
				EB7085A22B253218006F5442 /* FirebaseAuth */,
				EB7085A42B253218006F5442 /* FirebaseFirestore */,
				EB7085A62B253218006F5442 /* FirebaseFirestoreSwift */,
			);
			productName = ToDoList;
			productReference = EB7085902B253129006F5442 /* ToDoList.app */;
			productType = "com.apple.product-type.application";
		};
/* End PBXNativeTarget section */

/* Begin PBXProject section */
		EB7085882B253129006F5442 /* Project object */ = {
			isa = PBXProject;
			attributes = {
				BuildIndependentTargetsInParallel = 1;
				LastSwiftUpdateCheck = 1420;
				LastUpgradeCheck = 1420;
				TargetAttributes = {
					EB70858F2B253129006F5442 = {
						CreatedOnToolsVersion = 14.2;
					};
				};
			};
			buildConfigurationList = EB70858B2B253129006F5442 /* Build configuration list for PBXProject "ToDoList" */;
			compatibilityVersion = "Xcode 14.0";
			developmentRegion = en;
			hasScannedForEncodings = 0;
			knownRegions = (
				en,
				Base,
			);
			mainGroup = EB7085872B253129006F5442;
			packageReferences = (
				EB7085A12B253218006F5442 /* XCRemoteSwiftPackageReference "firebase-ios-sdk" */,
			);
			productRefGroup = EB7085912B253129006F5442 /* Products */;
			projectDirPath = "";
			projectRoot = "";
			targets = (
				EB70858F2B253129006F5442 /* ToDoList */,
			);
		};
/* End PBXProject section */

/* Begin PBXResourcesBuildPhase section */
		EB70858E2B253129006F5442 /* Resources */ = {
			isa = PBXResourcesBuildPhase;
			buildActionMask = 2147483647;
			files = (
				EB70859B2B25312B006F5442 /* Preview Assets.xcassets in Resources */,
				EB7085982B25312B006F5442 /* Assets.xcassets in Resources */,
				EB7085A92B253588006F5442 /* GoogleService-Info.plist in Resources */,
			);
			runOnlyForDeploymentPostprocessing = 0;
		};
/* End PBXResourcesBuildPhase section */

/* Begin PBXSourcesBuildPhase section */
		EB70858C2B253129006F5442 /* Sources */ = {
			isa = PBXSourcesBuildPhase;
			buildActionMask = 2147483647;
			files = (
				EB918CBD2B2654AC00D9B7FB /* LoginView.swift in Sources */,
				EB7085962B253129006F5442 /* MainView.swift in Sources */,
				EB918CD12B26560B00D9B7FB /* RegisterViewViewModel.swift in Sources */,
				EB918CC72B2655C400D9B7FB /* MainViewViewModel.swift in Sources */,
				EB918CB92B26548B00D9B7FB /* ToDoListView.swift in Sources */,
				EB918CBF2B2654B500D9B7FB /* RegisterView.swift in Sources */,
				EB918CC92B2655D200D9B7FB /* ProfileViewViewModel.swift in Sources */,
				EBE8FB952B26531700E84DF7 /* ProfileView.swift in Sources */,
				EB918CC32B26558700D9B7FB /* User.swift in Sources */,
				EB918CC12B26550D00D9B7FB /* ToDoListItemView.swift in Sources */,
				EB918CCB2B2655DF00D9B7FB /* ToDoListViewViewModel.swift in Sources */,
				EB918CCF2B2655FE00D9B7FB /* LoginViewViewModel.swift in Sources */,
				EB7085942B253129006F5442 /* ToDoListApp.swift in Sources */,
				EB918CC52B26559400D9B7FB /* ToDoListItem.swift in Sources */,
				EB918CBB2B26549B00D9B7FB /* NewItemView.swift in Sources */,
				EB918CCD2B2655E900D9B7FB /* NewItemViewViewModel.swift in Sources */,
				EB918CD32B26561C00D9B7FB /* ToDoListItemViewViewModel.swift in Sources */,
			);
			runOnlyForDeploymentPostprocessing = 0;
		};
/* End PBXSourcesBuildPhase section */

/* Begin XCBuildConfiguration section */
		EB70859C2B25312B006F5442 /* Debug */ = {
			isa = XCBuildConfiguration;
			buildSettings = {
				ALWAYS_SEARCH_USER_PATHS = NO;
				CLANG_ANALYZER_NONNULL = YES;
				CLANG_ANALYZER_NUMBER_OBJECT_CONVERSION = YES_AGGRESSIVE;
				CLANG_CXX_LANGUAGE_STANDARD = "gnu++20";
				CLANG_ENABLE_MODULES = YES;
				CLANG_ENABLE_OBJC_ARC = YES;
				CLANG_ENABLE_OBJC_WEAK = YES;
				CLANG_WARN_BLOCK_CAPTURE_AUTORELEASING = YES;
				CLANG_WARN_BOOL_CONVERSION = YES;
				CLANG_WARN_COMMA = YES;
				CLANG_WARN_CONSTANT_CONVERSION = YES;
				CLANG_WARN_DEPRECATED_OBJC_IMPLEMENTATIONS = YES;
				CLANG_WARN_DIRECT_OBJC_ISA_USAGE = YES_ERROR;
				CLANG_WARN_DOCUMENTATION_COMMENTS = YES;
				CLANG_WARN_EMPTY_BODY = YES;
				CLANG_WARN_ENUM_CONVERSION = YES;
				CLANG_WARN_INFINITE_RECURSION = YES;
				CLANG_WARN_INT_CONVERSION = YES;
				CLANG_WARN_NON_LITERAL_NULL_CONVERSION = YES;
				CLANG_WARN_OBJC_IMPLICIT_RETAIN_SELF = YES;
				CLANG_WARN_OBJC_LITERAL_CONVERSION = YES;
				CLANG_WARN_OBJC_ROOT_CLASS = YES_ERROR;
				CLANG_WARN_QUOTED_INCLUDE_IN_FRAMEWORK_HEADER = YES;
				CLANG_WARN_RANGE_LOOP_ANALYSIS = YES;
				CLANG_WARN_STRICT_PROTOTYPES = YES;
				CLANG_WARN_SUSPICIOUS_MOVE = YES;
				CLANG_WARN_UNGUARDED_AVAILABILITY = YES_AGGRESSIVE;
				CLANG_WARN_UNREACHABLE_CODE = YES;
				CLANG_WARN__DUPLICATE_METHOD_MATCH = YES;
				COPY_PHASE_STRIP = NO;
				DEBUG_INFORMATION_FORMAT = dwarf;
				ENABLE_STRICT_OBJC_MSGSEND = YES;
				ENABLE_TESTABILITY = YES;
				GCC_C_LANGUAGE_STANDARD = gnu11;
				GCC_DYNAMIC_NO_PIC = NO;
				GCC_NO_COMMON_BLOCKS = YES;
				GCC_OPTIMIZATION_LEVEL = 0;
				GCC_PREPROCESSOR_DEFINITIONS = (
					"DEBUG=1",
					"$(inherited)",
				);
				GCC_WARN_64_TO_32_BIT_CONVERSION = YES;
				GCC_WARN_ABOUT_RETURN_TYPE = YES_ERROR;
				GCC_WARN_UNDECLARED_SELECTOR = YES;
				GCC_WARN_UNINITIALIZED_AUTOS = YES_AGGRESSIVE;
				GCC_WARN_UNUSED_FUNCTION = YES;
				GCC_WARN_UNUSED_VARIABLE = YES;
				IPHONEOS_DEPLOYMENT_TARGET = 16.2;
				MTL_ENABLE_DEBUG_INFO = INCLUDE_SOURCE;
				MTL_FAST_MATH = YES;
				ONLY_ACTIVE_ARCH = YES;
				SDKROOT = iphoneos;
				SWIFT_ACTIVE_COMPILATION_CONDITIONS = DEBUG;
				SWIFT_OPTIMIZATION_LEVEL = "-Onone";
			};
			name = Debug;
		};
		EB70859D2B25312B006F5442 /* Release */ = {
			isa = XCBuildConfiguration;
			buildSettings = {
				ALWAYS_SEARCH_USER_PATHS = NO;
				CLANG_ANALYZER_NONNULL = YES;
				CLANG_ANALYZER_NUMBER_OBJECT_CONVERSION = YES_AGGRESSIVE;
				CLANG_CXX_LANGUAGE_STANDARD = "gnu++20";
				CLANG_ENABLE_MODULES = YES;
				CLANG_ENABLE_OBJC_ARC = YES;
				CLANG_ENABLE_OBJC_WEAK = YES;
				CLANG_WARN_BLOCK_CAPTURE_AUTORELEASING = YES;
				CLANG_WARN_BOOL_CONVERSION = YES;
				CLANG_WARN_COMMA = YES;
				CLANG_WARN_CONSTANT_CONVERSION = YES;
				CLANG_WARN_DEPRECATED_OBJC_IMPLEMENTATIONS = YES;
				CLANG_WARN_DIRECT_OBJC_ISA_USAGE = YES_ERROR;
				CLANG_WARN_DOCUMENTATION_COMMENTS = YES;
				CLANG_WARN_EMPTY_BODY = YES;
				CLANG_WARN_ENUM_CONVERSION = YES;
				CLANG_WARN_INFINITE_RECURSION = YES;
				CLANG_WARN_INT_CONVERSION = YES;
				CLANG_WARN_NON_LITERAL_NULL_CONVERSION = YES;
				CLANG_WARN_OBJC_IMPLICIT_RETAIN_SELF = YES;
				CLANG_WARN_OBJC_LITERAL_CONVERSION = YES;
				CLANG_WARN_OBJC_ROOT_CLASS = YES_ERROR;
				CLANG_WARN_QUOTED_INCLUDE_IN_FRAMEWORK_HEADER = YES;
				CLANG_WARN_RANGE_LOOP_ANALYSIS = YES;
				CLANG_WARN_STRICT_PROTOTYPES = YES;
				CLANG_WARN_SUSPICIOUS_MOVE = YES;
				CLANG_WARN_UNGUARDED_AVAILABILITY = YES_AGGRESSIVE;
				CLANG_WARN_UNREACHABLE_CODE = YES;
				CLANG_WARN__DUPLICATE_METHOD_MATCH = YES;
				COPY_PHASE_STRIP = NO;
				DEBUG_INFORMATION_FORMAT = "dwarf-with-dsym";
				ENABLE_NS_ASSERTIONS = NO;
				ENABLE_STRICT_OBJC_MSGSEND = YES;
				GCC_C_LANGUAGE_STANDARD = gnu11;
				GCC_NO_COMMON_BLOCKS = YES;
				GCC_WARN_64_TO_32_BIT_CONVERSION = YES;
				GCC_WARN_ABOUT_RETURN_TYPE = YES_ERROR;
				GCC_WARN_UNDECLARED_SELECTOR = YES;
				GCC_WARN_UNINITIALIZED_AUTOS = YES_AGGRESSIVE;
				GCC_WARN_UNUSED_FUNCTION = YES;
				GCC_WARN_UNUSED_VARIABLE = YES;
				IPHONEOS_DEPLOYMENT_TARGET = 16.2;
				MTL_ENABLE_DEBUG_INFO = NO;
				MTL_FAST_MATH = YES;
				SDKROOT = iphoneos;
				SWIFT_COMPILATION_MODE = wholemodule;
				SWIFT_OPTIMIZATION_LEVEL = "-O";
				VALIDATE_PRODUCT = YES;
			};
			name = Release;
		};
		EB70859F2B25312B006F5442 /* Debug */ = {
			isa = XCBuildConfiguration;
			buildSettings = {
				ASSETCATALOG_COMPILER_APPICON_NAME = AppIcon;
				ASSETCATALOG_COMPILER_GLOBAL_ACCENT_COLOR_NAME = AccentColor;
				CODE_SIGN_STYLE = Automatic;
				CURRENT_PROJECT_VERSION = 1;
				DEVELOPMENT_ASSET_PATHS = "\"ToDoList/Preview Content\"";
				DEVELOPMENT_TEAM = RMW39T9JB4;
				ENABLE_PREVIEWS = YES;
				GENERATE_INFOPLIST_FILE = YES;
				INFOPLIST_KEY_CFBundleDisplayName = "To Do List";
				INFOPLIST_KEY_UIApplicationSceneManifest_Generation = YES;
				INFOPLIST_KEY_UIApplicationSupportsIndirectInputEvents = YES;
				INFOPLIST_KEY_UILaunchScreen_Generation = YES;
				INFOPLIST_KEY_UISupportedInterfaceOrientations = UIInterfaceOrientationPortrait;
				LD_RUNPATH_SEARCH_PATHS = (
					"$(inherited)",
					"@executable_path/Frameworks",
				);
				MARKETING_VERSION = 1.0;
				PRODUCT_BUNDLE_IDENTIFIER = aldiyar.ToDoList;
				PRODUCT_NAME = "$(TARGET_NAME)";
				SWIFT_EMIT_LOC_STRINGS = YES;
				SWIFT_VERSION = 5.0;
				TARGETED_DEVICE_FAMILY = "1,2";
			};
			name = Debug;
		};
		EB7085A02B25312B006F5442 /* Release */ = {
			isa = XCBuildConfiguration;
			buildSettings = {
				ASSETCATALOG_COMPILER_APPICON_NAME = AppIcon;
				ASSETCATALOG_COMPILER_GLOBAL_ACCENT_COLOR_NAME = AccentColor;
				CODE_SIGN_STYLE = Automatic;
				CURRENT_PROJECT_VERSION = 1;
				DEVELOPMENT_ASSET_PATHS = "\"ToDoList/Preview Content\"";
				DEVELOPMENT_TEAM = RMW39T9JB4;
				ENABLE_PREVIEWS = YES;
				GENERATE_INFOPLIST_FILE = YES;
				INFOPLIST_KEY_CFBundleDisplayName = "To Do List";
				INFOPLIST_KEY_UIApplicationSceneManifest_Generation = YES;
				INFOPLIST_KEY_UIApplicationSupportsIndirectInputEvents = YES;
				INFOPLIST_KEY_UILaunchScreen_Generation = YES;
				INFOPLIST_KEY_UISupportedInterfaceOrientations = UIInterfaceOrientationPortrait;
				LD_RUNPATH_SEARCH_PATHS = (
					"$(inherited)",
					"@executable_path/Frameworks",
				);
				MARKETING_VERSION = 1.0;
				PRODUCT_BUNDLE_IDENTIFIER = aldiyar.ToDoList;
				PRODUCT_NAME = "$(TARGET_NAME)";
				SWIFT_EMIT_LOC_STRINGS = YES;
				SWIFT_VERSION = 5.0;
				TARGETED_DEVICE_FAMILY = "1,2";
			};
			name = Release;
		};
/* End XCBuildConfiguration section */

/* Begin XCConfigurationList section */
		EB70858B2B253129006F5442 /* Build configuration list for PBXProject "ToDoList" */ = {
			isa = XCConfigurationList;
			buildConfigurations = (
				EB70859C2B25312B006F5442 /* Debug */,
				EB70859D2B25312B006F5442 /* Release */,
			);
			defaultConfigurationIsVisible = 0;
			defaultConfigurationName = Release;
		};
		EB70859E2B25312B006F5442 /* Build configuration list for PBXNativeTarget "ToDoList" */ = {
			isa = XCConfigurationList;
			buildConfigurations = (
				EB70859F2B25312B006F5442 /* Debug */,
				EB7085A02B25312B006F5442 /* Release */,
			);
			defaultConfigurationIsVisible = 0;
			defaultConfigurationName = Release;
		};
/* End XCConfigurationList section */

/* Begin XCRemoteSwiftPackageReference section */
		EB7085A12B253218006F5442 /* XCRemoteSwiftPackageReference "firebase-ios-sdk" */ = {
			isa = XCRemoteSwiftPackageReference;
			repositoryURL = "https://github.com/firebase/firebase-ios-sdk.git";
			requirement = {
				kind = upToNextMajorVersion;
				minimumVersion = 9.0.0;
			};
		};
/* End XCRemoteSwiftPackageReference section */

/* Begin XCSwiftPackageProductDependency section */
		EB7085A22B253218006F5442 /* FirebaseAuth */ = {
			isa = XCSwiftPackageProductDependency;
			package = EB7085A12B253218006F5442 /* XCRemoteSwiftPackageReference "firebase-ios-sdk" */;
			productName = FirebaseAuth;
		};
		EB7085A42B253218006F5442 /* FirebaseFirestore */ = {
			isa = XCSwiftPackageProductDependency;
			package = EB7085A12B253218006F5442 /* XCRemoteSwiftPackageReference "firebase-ios-sdk" */;
			productName = FirebaseFirestore;
		};
		EB7085A62B253218006F5442 /* FirebaseFirestoreSwift */ = {
			isa = XCSwiftPackageProductDependency;
			package = EB7085A12B253218006F5442 /* XCRemoteSwiftPackageReference "firebase-ios-sdk" */;
			productName = FirebaseFirestoreSwift;
		};
/* End XCSwiftPackageProductDependency section */
	};
	rootObject = EB7085882B253129006F5442 /* Project object */;
}
